
Microsoft Visual Studio Solution File, Format Version 12.00
# Visual Studio 2012
Project("{FAE04EC0-301F-11D3-BF4B-00C04F79EFBC}") = "Problem_1", "Problem_1\Problem_1.csproj", "{51520C2E-4736-4399-9E81-4C0BDC8E8F29}"
EndProject
Project("{FAE04EC0-301F-11D3-BF4B-00C04F79EFBC}") = "Problem_2", "Problem_2\Problem_2.csproj", "{AF414B16-4B17-4B6C-9D97-914CBC5A6D92}"
EndProject
Global
	GlobalSection(SolutionConfigurationPlatforms) = preSolution
		Debug|x86 = Debug|x86
		Release|x86 = Release|x86
	EndGlobalSection
	GlobalSection(ProjectConfigurationPlatforms) = postSolution
		{51520C2E-4736-4399-9E81-4C0BDC8E8F29}.Debug|x86.ActiveCfg = Debug|x86
		{51520C2E-4736-4399-9E81-4C0BDC8E8F29}.Debug|x86.Build.0 = Debug|x86
		{51520C2E-4736-4399-9E81-4C0BDC8E8F29}.Release|x86.ActiveCfg = Release|x86
		{51520C2E-4736-4399-9E81-4C0BDC8E8F29}.Release|x86.Build.0 = Release|x86
		{AF414B16-4B17-4B6C-9D97-914CBC5A6D92}.Debug|x86.ActiveCfg = Debug|x86
		{AF414B16-4B17-4B6C-9D97-914CBC5A6D92}.Debug|x86.Build.0 = Debug|x86
		{AF414B16-4B17-4B6C-9D97-914CBC5A6D92}.Release|x86.ActiveCfg = Release|x86
		{AF414B16-4B17-4B6C-9D97-914CBC5A6D92}.Release|x86.Build.0 = Release|x86
	EndGlobalSection
EndGlobal
